// !$*UTF8*$!
{
	archiveVersion = 1;
	classes = {
	};
	objectVersion = 46;
	objects = {

/* Begin PBXBuildFile section */
		940A5C7B1CFD709A00D72C35 /* UIView+CJFrame.m in Sources */ = {isa = PBXBuildFile; fileRef = 940A5C7A1CFD709A00D72C35 /* UIView+CJFrame.m */; };
		94343B291CECCDFE0044BBC7 /* Main.storyboard in Resources */ = {isa = PBXBuildFile; fileRef = 94343B271CECCDFE0044BBC7 /* Main.storyboard */; };
		94343B2B1CECCDFE0044BBC7 /* Assets.xcassets in Resources */ = {isa = PBXBuildFile; fileRef = 94343B2A1CECCDFE0044BBC7 /* Assets.xcassets */; };
		94343B2E1CECCDFE0044BBC7 /* LaunchScreen.storyboard in Resources */ = {isa = PBXBuildFile; fileRef = 94343B2C1CECCDFE0044BBC7 /* LaunchScreen.storyboard */; };
		94343B391CECCDFE0044BBC7 /* instantTests.m in Sources */ = {isa = PBXBuildFile; fileRef = 94343B381CECCDFE0044BBC7 /* instantTests.m */; };
		94343B631CECCE720044BBC7 /* AppDelegate.m in Sources */ = {isa = PBXBuildFile; fileRef = 94343B551CECCE720044BBC7 /* AppDelegate.m */; };
		94343B641CECCE720044BBC7 /* main.m in Sources */ = {isa = PBXBuildFile; fileRef = 94343B561CECCE720044BBC7 /* main.m */; };
		944455291CEEEEC500E7B478 /* CJBaseTableViewController.m in Sources */ = {isa = PBXBuildFile; fileRef = 944455231CEEEEC500E7B478 /* CJBaseTableViewController.m */; };
		9444552A1CEEEEC500E7B478 /* CJBaseTableViewCell.m in Sources */ = {isa = PBXBuildFile; fileRef = 944455271CEEEEC500E7B478 /* CJBaseTableViewCell.m */; };
		9444552B1CEEEEC500E7B478 /* CJBaseTableViewCell.xib in Resources */ = {isa = PBXBuildFile; fileRef = 944455281CEEEEC500E7B478 /* CJBaseTableViewCell.xib */; };
		9444552F1CF029B100E7B478 /* RTDragCellTableView.m in Sources */ = {isa = PBXBuildFile; fileRef = 9444552E1CF029B100E7B478 /* RTDragCellTableView.m */; };
		944455381CF0B46300E7B478 /* CJAllViewController.m in Sources */ = {isa = PBXBuildFile; fileRef = 944455371CF0B46300E7B478 /* CJAllViewController.m */; };
		9444553B1CF0B46B00E7B478 /* CJMonthViewController.m in Sources */ = {isa = PBXBuildFile; fileRef = 9444553A1CF0B46B00E7B478 /* CJMonthViewController.m */; };
		9444553E1CF0B47400E7B478 /* CJPastViewController.m in Sources */ = {isa = PBXBuildFile; fileRef = 9444553D1CF0B47400E7B478 /* CJPastViewController.m */; };
		944455411CF0B47F00E7B478 /* CJWeekViewController.m in Sources */ = {isa = PBXBuildFile; fileRef = 944455401CF0B47F00E7B478 /* CJWeekViewController.m */; };
		9468B8061CFFFE6300F3D442 /* CJCalendarViewController.m in Sources */ = {isa = PBXBuildFile; fileRef = 9468B7F31CFFFE6300F3D442 /* CJCalendarViewController.m */; };
		9468B8071CFFFE6300F3D442 /* CJMonthDayViewController.m in Sources */ = {isa = PBXBuildFile; fileRef = 9468B7F51CFFFE6300F3D442 /* CJMonthDayViewController.m */; };
		9468B8081CFFFE6300F3D442 /* CJYearViewController.m in Sources */ = {isa = PBXBuildFile; fileRef = 9468B7F71CFFFE6300F3D442 /* CJYearViewController.m */; };
		9468B8091CFFFE6300F3D442 /* CJUseTime.m in Sources */ = {isa = PBXBuildFile; fileRef = 9468B7FB1CFFFE6300F3D442 /* CJUseTime.m */; };
		9468B80A1CFFFE6300F3D442 /* CJDecisionView.m in Sources */ = {isa = PBXBuildFile; fileRef = 9468B7FE1CFFFE6300F3D442 /* CJDecisionView.m */; };
		9468B80B1CFFFE6300F3D442 /* CJMonthDayCollectionCell.m in Sources */ = {isa = PBXBuildFile; fileRef = 9468B8001CFFFE6300F3D442 /* CJMonthDayCollectionCell.m */; };
		9468B80C1CFFFE6300F3D442 /* CJMonthDayCollectionCell.xib in Resources */ = {isa = PBXBuildFile; fileRef = 9468B8011CFFFE6300F3D442 /* CJMonthDayCollectionCell.xib */; };
		9468B80D1CFFFE6300F3D442 /* CJSelectTimeScrollView.m in Sources */ = {isa = PBXBuildFile; fileRef = 9468B8031CFFFE6300F3D442 /* CJSelectTimeScrollView.m */; };
		9468B80E1CFFFE6300F3D442 /* CJShowTimeView.m in Sources */ = {isa = PBXBuildFile; fileRef = 9468B8051CFFFE6300F3D442 /* CJShowTimeView.m */; };
		9468B8151CFFFEAF00F3D442 /* CJHeaderNavigationView.m in Sources */ = {isa = PBXBuildFile; fileRef = 9468B8101CFFFEAF00F3D442 /* CJHeaderNavigationView.m */; };
		9468B8161CFFFEAF00F3D442 /* CJMainScrollView.m in Sources */ = {isa = PBXBuildFile; fileRef = 9468B8121CFFFEAF00F3D442 /* CJMainScrollView.m */; };
		9468B8171CFFFEAF00F3D442 /* CJTipView.m in Sources */ = {isa = PBXBuildFile; fileRef = 9468B8141CFFFEAF00F3D442 /* CJTipView.m */; };
		9468B81D1CFFFEBC00F3D442 /* CJAddViewController.m in Sources */ = {isa = PBXBuildFile; fileRef = 9468B8191CFFFEBC00F3D442 /* CJAddViewController.m */; };
		9468B81E1CFFFEBC00F3D442 /* CJAddViewController.xib in Resources */ = {isa = PBXBuildFile; fileRef = 9468B81A1CFFFEBC00F3D442 /* CJAddViewController.xib */; };
		9468B81F1CFFFEBC00F3D442 /* CJMainViewController.m in Sources */ = {isa = PBXBuildFile; fileRef = 9468B81C1CFFFEBC00F3D442 /* CJMainViewController.m */; };
		9468B8291CFFFECB00F3D442 /* CJCoreDataManage.m in Sources */ = {isa = PBXBuildFile; fileRef = 9468B8221CFFFECB00F3D442 /* CJCoreDataManage.m */; };
		9468B82A1CFFFECB00F3D442 /* Event+CoreDataProperties.m in Sources */ = {isa = PBXBuildFile; fileRef = 9468B8241CFFFECB00F3D442 /* Event+CoreDataProperties.m */; };
		9468B82B1CFFFECB00F3D442 /* Event.m in Sources */ = {isa = PBXBuildFile; fileRef = 9468B8261CFFFECB00F3D442 /* Event.m */; };
		9468B82C1CFFFECB00F3D442 /* Model.xcdatamodeld in Sources */ = {isa = PBXBuildFile; fileRef = 9468B8271CFFFECB00F3D442 /* Model.xcdatamodeld */; };
/* End PBXBuildFile section */

/* Begin PBXContainerItemProxy section */
		94343B351CECCDFE0044BBC7 /* PBXContainerItemProxy */ = {
			isa = PBXContainerItemProxy;
			containerPortal = 94343B131CECCDFE0044BBC7 /* Project object */;
			proxyType = 1;
			remoteGlobalIDString = 94343B1A1CECCDFE0044BBC7;
			remoteInfo = instant;
		};
/* End PBXContainerItemProxy section */

/* Begin PBXFileReference section */
		940A5C791CFD709A00D72C35 /* UIView+CJFrame.h */ = {isa = PBXFileReference; fileEncoding = 4; lastKnownFileType = sourcecode.c.h; path = "UIView+CJFrame.h"; sourceTree = "<group>"; };
		940A5C7A1CFD709A00D72C35 /* UIView+CJFrame.m */ = {isa = PBXFileReference; fileEncoding = 4; lastKnownFileType = sourcecode.c.objc; path = "UIView+CJFrame.m"; sourceTree = "<group>"; };
		94343B1B1CECCDFE0044BBC7 /* CJInstant.app */ = {isa = PBXFileReference; explicitFileType = wrapper.application; includeInIndex = 0; path = CJInstant.app; sourceTree = BUILT_PRODUCTS_DIR; };
		94343B281CECCDFE0044BBC7 /* Base */ = {isa = PBXFileReference; lastKnownFileType = file.storyboard; name = Base; path = Base.lproj/Main.storyboard; sourceTree = "<group>"; };
		94343B2A1CECCDFE0044BBC7 /* Assets.xcassets */ = {isa = PBXFileReference; lastKnownFileType = folder.assetcatalog; path = Assets.xcassets; sourceTree = "<group>"; };
		94343B2D1CECCDFE0044BBC7 /* Base */ = {isa = PBXFileReference; lastKnownFileType = file.storyboard; name = Base; path = Base.lproj/LaunchScreen.storyboard; sourceTree = "<group>"; };
		94343B2F1CECCDFE0044BBC7 /* Info.plist */ = {isa = PBXFileReference; lastKnownFileType = text.plist.xml; path = Info.plist; sourceTree = "<group>"; };
		94343B341CECCDFE0044BBC7 /* CJInstant.xctest */ = {isa = PBXFileReference; explicitFileType = wrapper.cfbundle; includeInIndex = 0; path = CJInstant.xctest; sourceTree = BUILT_PRODUCTS_DIR; };
		94343B381CECCDFE0044BBC7 /* instantTests.m */ = {isa = PBXFileReference; lastKnownFileType = sourcecode.c.objc; path = instantTests.m; sourceTree = "<group>"; };
		94343B3A1CECCDFE0044BBC7 /* Info.plist */ = {isa = PBXFileReference; lastKnownFileType = text.plist.xml; path = Info.plist; sourceTree = "<group>"; };
		94343B541CECCE720044BBC7 /* AppDelegate.h */ = {isa = PBXFileReference; fileEncoding = 4; lastKnownFileType = sourcecode.c.h; path = AppDelegate.h; sourceTree = "<group>"; };
		94343B551CECCE720044BBC7 /* AppDelegate.m */ = {isa = PBXFileReference; fileEncoding = 4; lastKnownFileType = sourcecode.c.objc; path = AppDelegate.m; sourceTree = "<group>"; };
		94343B561CECCE720044BBC7 /* main.m */ = {isa = PBXFileReference; fileEncoding = 4; lastKnownFileType = sourcecode.c.objc; path = main.m; sourceTree = "<group>"; };
		944455221CEEEEC500E7B478 /* CJBaseTableViewController.h */ = {isa = PBXFileReference; fileEncoding = 4; lastKnownFileType = sourcecode.c.h; path = CJBaseTableViewController.h; sourceTree = "<group>"; };
		944455231CEEEEC500E7B478 /* CJBaseTableViewController.m */ = {isa = PBXFileReference; fileEncoding = 4; lastKnownFileType = sourcecode.c.objc; path = CJBaseTableViewController.m; sourceTree = "<group>"; };
		944455261CEEEEC500E7B478 /* CJBaseTableViewCell.h */ = {isa = PBXFileReference; fileEncoding = 4; lastKnownFileType = sourcecode.c.h; path = CJBaseTableViewCell.h; sourceTree = "<group>"; };
		944455271CEEEEC500E7B478 /* CJBaseTableViewCell.m */ = {isa = PBXFileReference; fileEncoding = 4; lastKnownFileType = sourcecode.c.objc; path = CJBaseTableViewCell.m; sourceTree = "<group>"; };
		944455281CEEEEC500E7B478 /* CJBaseTableViewCell.xib */ = {isa = PBXFileReference; fileEncoding = 4; lastKnownFileType = file.xib; path = CJBaseTableViewCell.xib; sourceTree = "<group>"; };
		9444552D1CF029B100E7B478 /* RTDragCellTableView.h */ = {isa = PBXFileReference; fileEncoding = 4; lastKnownFileType = sourcecode.c.h; path = RTDragCellTableView.h; sourceTree = "<group>"; };
		9444552E1CF029B100E7B478 /* RTDragCellTableView.m */ = {isa = PBXFileReference; fileEncoding = 4; lastKnownFileType = sourcecode.c.objc; path = RTDragCellTableView.m; sourceTree = "<group>"; };
		944455361CF0B46300E7B478 /* CJAllViewController.h */ = {isa = PBXFileReference; fileEncoding = 4; lastKnownFileType = sourcecode.c.h; path = CJAllViewController.h; sourceTree = "<group>"; };
		944455371CF0B46300E7B478 /* CJAllViewController.m */ = {isa = PBXFileReference; fileEncoding = 4; lastKnownFileType = sourcecode.c.objc; path = CJAllViewController.m; sourceTree = "<group>"; };
		944455391CF0B46B00E7B478 /* CJMonthViewController.h */ = {isa = PBXFileReference; fileEncoding = 4; lastKnownFileType = sourcecode.c.h; path = CJMonthViewController.h; sourceTree = "<group>"; };
		9444553A1CF0B46B00E7B478 /* CJMonthViewController.m */ = {isa = PBXFileReference; fileEncoding = 4; lastKnownFileType = sourcecode.c.objc; path = CJMonthViewController.m; sourceTree = "<group>"; };
		9444553C1CF0B47400E7B478 /* CJPastViewController.h */ = {isa = PBXFileReference; fileEncoding = 4; lastKnownFileType = sourcecode.c.h; path = CJPastViewController.h; sourceTree = "<group>"; };
		9444553D1CF0B47400E7B478 /* CJPastViewController.m */ = {isa = PBXFileReference; fileEncoding = 4; lastKnownFileType = sourcecode.c.objc; path = CJPastViewController.m; sourceTree = "<group>"; };
		9444553F1CF0B47F00E7B478 /* CJWeekViewController.h */ = {isa = PBXFileReference; fileEncoding = 4; lastKnownFileType = sourcecode.c.h; path = CJWeekViewController.h; sourceTree = "<group>"; };
		944455401CF0B47F00E7B478 /* CJWeekViewController.m */ = {isa = PBXFileReference; fileEncoding = 4; lastKnownFileType = sourcecode.c.objc; path = CJWeekViewController.m; sourceTree = "<group>"; };
		944455431CF0B50200E7B478 /* PrefixHeader.pch */ = {isa = PBXFileReference; lastKnownFileType = sourcecode.c.h; path = PrefixHeader.pch; sourceTree = "<group>"; };
		9468B7F21CFFFE6300F3D442 /* CJCalendarViewController.h */ = {isa = PBXFileReference; fileEncoding = 4; lastKnownFileType = sourcecode.c.h; path = CJCalendarViewController.h; sourceTree = "<group>"; };
		9468B7F31CFFFE6300F3D442 /* CJCalendarViewController.m */ = {isa = PBXFileReference; fileEncoding = 4; lastKnownFileType = sourcecode.c.objc; path = CJCalendarViewController.m; sourceTree = "<group>"; };
		9468B7F41CFFFE6300F3D442 /* CJMonthDayViewController.h */ = {isa = PBXFileReference; fileEncoding = 4; lastKnownFileType = sourcecode.c.h; path = CJMonthDayViewController.h; sourceTree = "<group>"; };
		9468B7F51CFFFE6300F3D442 /* CJMonthDayViewController.m */ = {isa = PBXFileReference; fileEncoding = 4; lastKnownFileType = sourcecode.c.objc; path = CJMonthDayViewController.m; sourceTree = "<group>"; };
		9468B7F61CFFFE6300F3D442 /* CJYearViewController.h */ = {isa = PBXFileReference; fileEncoding = 4; lastKnownFileType = sourcecode.c.h; path = CJYearViewController.h; sourceTree = "<group>"; };
		9468B7F71CFFFE6300F3D442 /* CJYearViewController.m */ = {isa = PBXFileReference; fileEncoding = 4; lastKnownFileType = sourcecode.c.objc; path = CJYearViewController.m; sourceTree = "<group>"; };
		9468B7FA1CFFFE6300F3D442 /* CJUseTime.h */ = {isa = PBXFileReference; fileEncoding = 4; lastKnownFileType = sourcecode.c.h; path = CJUseTime.h; sourceTree = "<group>"; };
		9468B7FB1CFFFE6300F3D442 /* CJUseTime.m */ = {isa = PBXFileReference; fileEncoding = 4; lastKnownFileType = sourcecode.c.objc; path = CJUseTime.m; sourceTree = "<group>"; };
		9468B7FD1CFFFE6300F3D442 /* CJDecisionView.h */ = {isa = PBXFileReference; fileEncoding = 4; lastKnownFileType = sourcecode.c.h; path = CJDecisionView.h; sourceTree = "<group>"; };
		9468B7FE1CFFFE6300F3D442 /* CJDecisionView.m */ = {isa = PBXFileReference; fileEncoding = 4; lastKnownFileType = sourcecode.c.objc; path = CJDecisionView.m; sourceTree = "<group>"; };
		9468B7FF1CFFFE6300F3D442 /* CJMonthDayCollectionCell.h */ = {isa = PBXFileReference; fileEncoding = 4; lastKnownFileType = sourcecode.c.h; path = CJMonthDayCollectionCell.h; sourceTree = "<group>"; };
		9468B8001CFFFE6300F3D442 /* CJMonthDayCollectionCell.m */ = {isa = PBXFileReference; fileEncoding = 4; lastKnownFileType = sourcecode.c.objc; path = CJMonthDayCollectionCell.m; sourceTree = "<group>"; };
		9468B8011CFFFE6300F3D442 /* CJMonthDayCollectionCell.xib */ = {isa = PBXFileReference; fileEncoding = 4; lastKnownFileType = file.xib; path = CJMonthDayCollectionCell.xib; sourceTree = "<group>"; };
		9468B8021CFFFE6300F3D442 /* CJSelectTimeScrollView.h */ = {isa = PBXFileReference; fileEncoding = 4; lastKnownFileType = sourcecode.c.h; path = CJSelectTimeScrollView.h; sourceTree = "<group>"; };
		9468B8031CFFFE6300F3D442 /* CJSelectTimeScrollView.m */ = {isa = PBXFileReference; fileEncoding = 4; lastKnownFileType = sourcecode.c.objc; path = CJSelectTimeScrollView.m; sourceTree = "<group>"; };
		9468B8041CFFFE6300F3D442 /* CJShowTimeView.h */ = {isa = PBXFileReference; fileEncoding = 4; lastKnownFileType = sourcecode.c.h; path = CJShowTimeView.h; sourceTree = "<group>"; };
		9468B8051CFFFE6300F3D442 /* CJShowTimeView.m */ = {isa = PBXFileReference; fileEncoding = 4; lastKnownFileType = sourcecode.c.objc; path = CJShowTimeView.m; sourceTree = "<group>"; };
		9468B80F1CFFFEAF00F3D442 /* CJHeaderNavigationView.h */ = {isa = PBXFileReference; fileEncoding = 4; lastKnownFileType = sourcecode.c.h; path = CJHeaderNavigationView.h; sourceTree = "<group>"; };
		9468B8101CFFFEAF00F3D442 /* CJHeaderNavigationView.m */ = {isa = PBXFileReference; fileEncoding = 4; lastKnownFileType = sourcecode.c.objc; path = CJHeaderNavigationView.m; sourceTree = "<group>"; };
		9468B8111CFFFEAF00F3D442 /* CJMainScrollView.h */ = {isa = PBXFileReference; fileEncoding = 4; lastKnownFileType = sourcecode.c.h; path = CJMainScrollView.h; sourceTree = "<group>"; };
		9468B8121CFFFEAF00F3D442 /* CJMainScrollView.m */ = {isa = PBXFileReference; fileEncoding = 4; lastKnownFileType = sourcecode.c.objc; path = CJMainScrollView.m; sourceTree = "<group>"; };
		9468B8131CFFFEAF00F3D442 /* CJTipView.h */ = {isa = PBXFileReference; fileEncoding = 4; lastKnownFileType = sourcecode.c.h; path = CJTipView.h; sourceTree = "<group>"; };
		9468B8141CFFFEAF00F3D442 /* CJTipView.m */ = {isa = PBXFileReference; fileEncoding = 4; lastKnownFileType = sourcecode.c.objc; path = CJTipView.m; sourceTree = "<group>"; };
		9468B8181CFFFEBC00F3D442 /* CJAddViewController.h */ = {isa = PBXFileReference; fileEncoding = 4; lastKnownFileType = sourcecode.c.h; path = CJAddViewController.h; sourceTree = "<group>"; };
		9468B8191CFFFEBC00F3D442 /* CJAddViewController.m */ = {isa = PBXFileReference; fileEncoding = 4; lastKnownFileType = sourcecode.c.objc; path = CJAddViewController.m; sourceTree = "<group>"; };
		9468B81A1CFFFEBC00F3D442 /* CJAddViewController.xib */ = {isa = PBXFileReference; fileEncoding = 4; lastKnownFileType = file.xib; path = CJAddViewController.xib; sourceTree = "<group>"; };
		9468B81B1CFFFEBC00F3D442 /* CJMainViewController.h */ = {isa = PBXFileReference; fileEncoding = 4; lastKnownFileType = sourcecode.c.h; path = CJMainViewController.h; sourceTree = "<group>"; };
		9468B81C1CFFFEBC00F3D442 /* CJMainViewController.m */ = {isa = PBXFileReference; fileEncoding = 4; lastKnownFileType = sourcecode.c.objc; path = CJMainViewController.m; sourceTree = "<group>"; };
		9468B8211CFFFECB00F3D442 /* CJCoreDataManage.h */ = {isa = PBXFileReference; fileEncoding = 4; lastKnownFileType = sourcecode.c.h; path = CJCoreDataManage.h; sourceTree = "<group>"; };
		9468B8221CFFFECB00F3D442 /* CJCoreDataManage.m */ = {isa = PBXFileReference; fileEncoding = 4; lastKnownFileType = sourcecode.c.objc; path = CJCoreDataManage.m; sourceTree = "<group>"; };
		9468B8231CFFFECB00F3D442 /* Event+CoreDataProperties.h */ = {isa = PBXFileReference; fileEncoding = 4; lastKnownFileType = sourcecode.c.h; path = "Event+CoreDataProperties.h"; sourceTree = "<group>"; };
		9468B8241CFFFECB00F3D442 /* Event+CoreDataProperties.m */ = {isa = PBXFileReference; fileEncoding = 4; lastKnownFileType = sourcecode.c.objc; path = "Event+CoreDataProperties.m"; sourceTree = "<group>"; };
		9468B8251CFFFECB00F3D442 /* Event.h */ = {isa = PBXFileReference; fileEncoding = 4; lastKnownFileType = sourcecode.c.h; path = Event.h; sourceTree = "<group>"; };
		9468B8261CFFFECB00F3D442 /* Event.m */ = {isa = PBXFileReference; fileEncoding = 4; lastKnownFileType = sourcecode.c.objc; path = Event.m; sourceTree = "<group>"; };
		9468B8281CFFFECB00F3D442 /* Model.xcdatamodel */ = {isa = PBXFileReference; lastKnownFileType = wrapper.xcdatamodel; path = Model.xcdatamodel; sourceTree = "<group>"; };
/* End PBXFileReference section */

/* Begin PBXFrameworksBuildPhase section */
		94343B181CECCDFE0044BBC7 /* Frameworks */ = {
			isa = PBXFrameworksBuildPhase;
			buildActionMask = 2147483647;
			files = (
			);
			runOnlyForDeploymentPostprocessing = 0;
		};
		94343B311CECCDFE0044BBC7 /* Frameworks */ = {
			isa = PBXFrameworksBuildPhase;
			buildActionMask = 2147483647;
			files = (
			);
			runOnlyForDeploymentPostprocessing = 0;
		};
/* End PBXFrameworksBuildPhase section */

/* Begin PBXGroup section */
		940A5C781CFD709A00D72C35 /* category */ = {
			isa = PBXGroup;
			children = (
				940A5C791CFD709A00D72C35 /* UIView+CJFrame.h */,
				940A5C7A1CFD709A00D72C35 /* UIView+CJFrame.m */,
			);
			path = category;
			sourceTree = "<group>";
		};
		94343B121CECCDFE0044BBC7 = {
			isa = PBXGroup;
			children = (
				94343B1D1CECCDFE0044BBC7 /* CJInstant */,
				94343B371CECCDFE0044BBC7 /* instantTests */,
				94343B1C1CECCDFE0044BBC7 /* Products */,
			);
			sourceTree = "<group>";
		};
		94343B1C1CECCDFE0044BBC7 /* Products */ = {
			isa = PBXGroup;
			children = (
				94343B1B1CECCDFE0044BBC7 /* CJInstant.app */,
				94343B341CECCDFE0044BBC7 /* CJInstant.xctest */,
			);
			name = Products;
			sourceTree = "<group>";
		};
		94343B1D1CECCDFE0044BBC7 /* CJInstant */ = {
			isa = PBXGroup;
			children = (
				94343B431CECCE720044BBC7 /* classes */,
				94343B271CECCDFE0044BBC7 /* Main.storyboard */,
				94343B2A1CECCDFE0044BBC7 /* Assets.xcassets */,
				94343B2C1CECCDFE0044BBC7 /* LaunchScreen.storyboard */,
				94343B2F1CECCDFE0044BBC7 /* Info.plist */,
				94343B1E1CECCDFE0044BBC7 /* Supporting Files */,
			);
			path = CJInstant;
			sourceTree = "<group>";
		};
		94343B1E1CECCDFE0044BBC7 /* Supporting Files */ = {
			isa = PBXGroup;
			children = (
			);
			name = "Supporting Files";
			sourceTree = "<group>";
		};
		94343B371CECCDFE0044BBC7 /* instantTests */ = {
			isa = PBXGroup;
			children = (
				94343B381CECCDFE0044BBC7 /* instantTests.m */,
				94343B3A1CECCDFE0044BBC7 /* Info.plist */,
			);
			path = instantTests;
			sourceTree = "<group>";
		};
		94343B431CECCE720044BBC7 /* classes */ = {
			isa = PBXGroup;
			children = (
				9468B7F01CFFFE6300F3D442 /* calendar */,
				94343B441CECCE720044BBC7 /* All(全部) */,
				94343B5E1CECCE720044BBC7 /* Week(周) */,
				94343B4E1CECCE720044BBC7 /* Month(月) */,
				94343B5A1CECCE720044BBC7 /* Past(过去) */,
				94343B481CECCE720044BBC7 /* Main(主要) */,
				94343B521CECCE720044BBC7 /* Other */,
			);
			path = classes;
			sourceTree = "<group>";
		};
		94343B441CECCE720044BBC7 /* All(全部) */ = {
			isa = PBXGroup;
			children = (
				94343B451CECCE720044BBC7 /* controller */,
				94343B461CECCE720044BBC7 /* model */,
				94343B471CECCE720044BBC7 /* view */,
			);
			path = "All(全部)";
			sourceTree = "<group>";
		};
		94343B451CECCE720044BBC7 /* controller */ = {
			isa = PBXGroup;
			children = (
				944455361CF0B46300E7B478 /* CJAllViewController.h */,
				944455371CF0B46300E7B478 /* CJAllViewController.m */,
			);
			path = controller;
			sourceTree = "<group>";
		};
		94343B461CECCE720044BBC7 /* model */ = {
			isa = PBXGroup;
			children = (
			);
			path = model;
			sourceTree = "<group>";
		};
		94343B471CECCE720044BBC7 /* view */ = {
			isa = PBXGroup;
			children = (
			);
			path = view;
			sourceTree = "<group>";
		};
		94343B481CECCE720044BBC7 /* Main(主要) */ = {
			isa = PBXGroup;
			children = (
				94343B491CECCE720044BBC7 /* controller */,
				94343B4C1CECCE720044BBC7 /* model */,
				94343B4D1CECCE720044BBC7 /* view */,
			);
			path = "Main(主要)";
			sourceTree = "<group>";
		};
		94343B491CECCE720044BBC7 /* controller */ = {
			isa = PBXGroup;
			children = (
				9468B8181CFFFEBC00F3D442 /* CJAddViewController.h */,
				9468B8191CFFFEBC00F3D442 /* CJAddViewController.m */,
				9468B81A1CFFFEBC00F3D442 /* CJAddViewController.xib */,
				9468B81B1CFFFEBC00F3D442 /* CJMainViewController.h */,
				9468B81C1CFFFEBC00F3D442 /* CJMainViewController.m */,
			);
			path = controller;
			sourceTree = "<group>";
		};
		94343B4C1CECCE720044BBC7 /* model */ = {
			isa = PBXGroup;
			children = (
			);
			path = model;
			sourceTree = "<group>";
		};
		94343B4D1CECCE720044BBC7 /* view */ = {
			isa = PBXGroup;
			children = (
				9468B80F1CFFFEAF00F3D442 /* CJHeaderNavigationView.h */,
				9468B8101CFFFEAF00F3D442 /* CJHeaderNavigationView.m */,
				9468B8111CFFFEAF00F3D442 /* CJMainScrollView.h */,
				9468B8121CFFFEAF00F3D442 /* CJMainScrollView.m */,
				9468B8131CFFFEAF00F3D442 /* CJTipView.h */,
				9468B8141CFFFEAF00F3D442 /* CJTipView.m */,
			);
			path = view;
			sourceTree = "<group>";
		};
		94343B4E1CECCE720044BBC7 /* Month(月) */ = {
			isa = PBXGroup;
			children = (
				94343B4F1CECCE720044BBC7 /* controller */,
				94343B501CECCE720044BBC7 /* model */,
				94343B511CECCE720044BBC7 /* view */,
			);
			path = "Month(月)";
			sourceTree = "<group>";
		};
		94343B4F1CECCE720044BBC7 /* controller */ = {
			isa = PBXGroup;
			children = (
				944455391CF0B46B00E7B478 /* CJMonthViewController.h */,
				9444553A1CF0B46B00E7B478 /* CJMonthViewController.m */,
			);
			path = controller;
			sourceTree = "<group>";
		};
		94343B501CECCE720044BBC7 /* model */ = {
			isa = PBXGroup;
			children = (
			);
			path = model;
			sourceTree = "<group>";
		};
		94343B511CECCE720044BBC7 /* view */ = {
			isa = PBXGroup;
			children = (
			);
			path = view;
			sourceTree = "<group>";
		};
		94343B521CECCE720044BBC7 /* Other */ = {
			isa = PBXGroup;
			children = (
				9468B8201CFFFECB00F3D442 /* sql */,
				940A5C781CFD709A00D72C35 /* category */,
				944455421CF0B4E500E7B478 /* utils */,
				94343B531CECCE720044BBC7 /* system */,
				94343B571CECCE720044BBC7 /* template */,
			);
			path = Other;
			sourceTree = "<group>";
		};
		94343B531CECCE720044BBC7 /* system */ = {
			isa = PBXGroup;
			children = (
				94343B541CECCE720044BBC7 /* AppDelegate.h */,
				94343B551CECCE720044BBC7 /* AppDelegate.m */,
				94343B561CECCE720044BBC7 /* main.m */,
			);
			path = system;
			sourceTree = "<group>";
		};
		94343B571CECCE720044BBC7 /* template */ = {
			isa = PBXGroup;
			children = (
				9444552C1CF029B100E7B478 /* RTDragCellTableView */,
				944455211CEEEEC500E7B478 /* controller */,
				944455241CEEEEC500E7B478 /* model */,
				944455251CEEEEC500E7B478 /* view */,
			);
			path = template;
			sourceTree = "<group>";
		};
		94343B5A1CECCE720044BBC7 /* Past(过去) */ = {
			isa = PBXGroup;
			children = (
				94343B5B1CECCE720044BBC7 /* controller */,
				94343B5C1CECCE720044BBC7 /* model */,
				94343B5D1CECCE720044BBC7 /* view */,
			);
			path = "Past(过去)";
			sourceTree = "<group>";
		};
		94343B5B1CECCE720044BBC7 /* controller */ = {
			isa = PBXGroup;
			children = (
				9444553C1CF0B47400E7B478 /* CJPastViewController.h */,
				9444553D1CF0B47400E7B478 /* CJPastViewController.m */,
			);
			path = controller;
			sourceTree = "<group>";
		};
		94343B5C1CECCE720044BBC7 /* model */ = {
			isa = PBXGroup;
			children = (
			);
			path = model;
			sourceTree = "<group>";
		};
		94343B5D1CECCE720044BBC7 /* view */ = {
			isa = PBXGroup;
			children = (
			);
			path = view;
			sourceTree = "<group>";
		};
		94343B5E1CECCE720044BBC7 /* Week(周) */ = {
			isa = PBXGroup;
			children = (
				94343B5F1CECCE720044BBC7 /* controller */,
				94343B601CECCE720044BBC7 /* model */,
				94343B611CECCE720044BBC7 /* view */,
			);
			path = "Week(周)";
			sourceTree = "<group>";
		};
		94343B5F1CECCE720044BBC7 /* controller */ = {
			isa = PBXGroup;
			children = (
				9444553F1CF0B47F00E7B478 /* CJWeekViewController.h */,
				944455401CF0B47F00E7B478 /* CJWeekViewController.m */,
			);
			path = controller;
			sourceTree = "<group>";
		};
		94343B601CECCE720044BBC7 /* model */ = {
			isa = PBXGroup;
			children = (
			);
			path = model;
			sourceTree = "<group>";
		};
		94343B611CECCE720044BBC7 /* view */ = {
			isa = PBXGroup;
			children = (
			);
			path = view;
			sourceTree = "<group>";
		};
		944455211CEEEEC500E7B478 /* controller */ = {
			isa = PBXGroup;
			children = (
				944455221CEEEEC500E7B478 /* CJBaseTableViewController.h */,
				944455231CEEEEC500E7B478 /* CJBaseTableViewController.m */,
			);
			path = controller;
			sourceTree = "<group>";
		};
		944455241CEEEEC500E7B478 /* model */ = {
			isa = PBXGroup;
			children = (
			);
			path = model;
			sourceTree = "<group>";
		};
		944455251CEEEEC500E7B478 /* view */ = {
			isa = PBXGroup;
			children = (
				944455261CEEEEC500E7B478 /* CJBaseTableViewCell.h */,
				944455271CEEEEC500E7B478 /* CJBaseTableViewCell.m */,
				944455281CEEEEC500E7B478 /* CJBaseTableViewCell.xib */,
			);
			path = view;
			sourceTree = "<group>";
		};
		9444552C1CF029B100E7B478 /* RTDragCellTableView */ = {
			isa = PBXGroup;
			children = (
				9444552D1CF029B100E7B478 /* RTDragCellTableView.h */,
				9444552E1CF029B100E7B478 /* RTDragCellTableView.m */,
			);
			path = RTDragCellTableView;
			sourceTree = "<group>";
		};
		944455421CF0B4E500E7B478 /* utils */ = {
			isa = PBXGroup;
			children = (
				944455431CF0B50200E7B478 /* PrefixHeader.pch */,
			);
			path = utils;
			sourceTree = "<group>";
		};
		9468B7F01CFFFE6300F3D442 /* calendar */ = {
			isa = PBXGroup;
			children = (
				9468B7F11CFFFE6300F3D442 /* controller */,
				9468B7F81CFFFE6300F3D442 /* model */,
				9468B7F91CFFFE6300F3D442 /* service */,
				9468B7FC1CFFFE6300F3D442 /* view */,
			);
			path = calendar;
			sourceTree = "<group>";
		};
		9468B7F11CFFFE6300F3D442 /* controller */ = {
			isa = PBXGroup;
			children = (
				9468B7F21CFFFE6300F3D442 /* CJCalendarViewController.h */,
				9468B7F31CFFFE6300F3D442 /* CJCalendarViewController.m */,
				9468B7F41CFFFE6300F3D442 /* CJMonthDayViewController.h */,
				9468B7F51CFFFE6300F3D442 /* CJMonthDayViewController.m */,
				9468B7F61CFFFE6300F3D442 /* CJYearViewController.h */,
				9468B7F71CFFFE6300F3D442 /* CJYearViewController.m */,
			);
			path = controller;
			sourceTree = "<group>";
		};
		9468B7F81CFFFE6300F3D442 /* model */ = {
			isa = PBXGroup;
			children = (
			);
			path = model;
			sourceTree = "<group>";
		};
		9468B7F91CFFFE6300F3D442 /* service */ = {
			isa = PBXGroup;
			children = (
				9468B7FA1CFFFE6300F3D442 /* CJUseTime.h */,
				9468B7FB1CFFFE6300F3D442 /* CJUseTime.m */,
			);
			path = service;
			sourceTree = "<group>";
		};
		9468B7FC1CFFFE6300F3D442 /* view */ = {
			isa = PBXGroup;
			children = (
				9468B7FD1CFFFE6300F3D442 /* CJDecisionView.h */,
				9468B7FE1CFFFE6300F3D442 /* CJDecisionView.m */,
				9468B7FF1CFFFE6300F3D442 /* CJMonthDayCollectionCell.h */,
				9468B8001CFFFE6300F3D442 /* CJMonthDayCollectionCell.m */,
				9468B8011CFFFE6300F3D442 /* CJMonthDayCollectionCell.xib */,
				9468B8021CFFFE6300F3D442 /* CJSelectTimeScrollView.h */,
				9468B8031CFFFE6300F3D442 /* CJSelectTimeScrollView.m */,
				9468B8041CFFFE6300F3D442 /* CJShowTimeView.h */,
				9468B8051CFFFE6300F3D442 /* CJShowTimeView.m */,
			);
			path = view;
			sourceTree = "<group>";
		};
		9468B8201CFFFECB00F3D442 /* sql */ = {
			isa = PBXGroup;
			children = (
				9468B8211CFFFECB00F3D442 /* CJCoreDataManage.h */,
				9468B8221CFFFECB00F3D442 /* CJCoreDataManage.m */,
				9468B8231CFFFECB00F3D442 /* Event+CoreDataProperties.h */,
				9468B8241CFFFECB00F3D442 /* Event+CoreDataProperties.m */,
				9468B8251CFFFECB00F3D442 /* Event.h */,
				9468B8261CFFFECB00F3D442 /* Event.m */,
				9468B8271CFFFECB00F3D442 /* Model.xcdatamodeld */,
			);
			path = sql;
			sourceTree = "<group>";
		};
/* End PBXGroup section */

/* Begin PBXNativeTarget section */
		94343B1A1CECCDFE0044BBC7 /* CJInstant */ = {
			isa = PBXNativeTarget;
			buildConfigurationList = 94343B3D1CECCDFE0044BBC7 /* Build configuration list for PBXNativeTarget "CJInstant" */;
			buildPhases = (
				94343B171CECCDFE0044BBC7 /* Sources */,
				94343B181CECCDFE0044BBC7 /* Frameworks */,
				94343B191CECCDFE0044BBC7 /* Resources */,
			);
			buildRules = (
			);
			dependencies = (
			);
			name = CJInstant;
			productName = instant;
			productReference = 94343B1B1CECCDFE0044BBC7 /* CJInstant.app */;
			productType = "com.apple.product-type.application";
		};
		94343B331CECCDFE0044BBC7 /* CJInstantTests */ = {
			isa = PBXNativeTarget;
			buildConfigurationList = 94343B401CECCDFE0044BBC7 /* Build configuration list for PBXNativeTarget "CJInstantTests" */;
			buildPhases = (
				94343B301CECCDFE0044BBC7 /* Sources */,
				94343B311CECCDFE0044BBC7 /* Frameworks */,
				94343B321CECCDFE0044BBC7 /* Resources */,
			);
			buildRules = (
			);
			dependencies = (
				94343B361CECCDFE0044BBC7 /* PBXTargetDependency */,
			);
			name = CJInstantTests;
			productName = instantTests;
			productReference = 94343B341CECCDFE0044BBC7 /* CJInstant.xctest */;
			productType = "com.apple.product-type.bundle.unit-test";
		};
/* End PBXNativeTarget section */

/* Begin PBXProject section */
		94343B131CECCDFE0044BBC7 /* Project object */ = {
			isa = PBXProject;
			attributes = {
				CLASSPREFIX = CJ;
				LastUpgradeCheck = 0720;
				ORGANIZATIONNAME = chjsun;
				TargetAttributes = {
					94343B1A1CECCDFE0044BBC7 = {
						CreatedOnToolsVersion = 7.2.1;
						DevelopmentTeam = 9852S7GL84;
					};
					94343B331CECCDFE0044BBC7 = {
						CreatedOnToolsVersion = 7.2.1;
						DevelopmentTeam = 9852S7GL84;
						TestTargetID = 94343B1A1CECCDFE0044BBC7;
					};
				};
			};
			buildConfigurationList = 94343B161CECCDFE0044BBC7 /* Build configuration list for PBXProject "CJInstant" */;
			compatibilityVersion = "Xcode 3.2";
			developmentRegion = English;
			hasScannedForEncodings = 0;
			knownRegions = (
				en,
				Base,
			);
			mainGroup = 94343B121CECCDFE0044BBC7;
			productRefGroup = 94343B1C1CECCDFE0044BBC7 /* Products */;
			projectDirPath = "";
			projectRoot = "";
			targets = (
				94343B1A1CECCDFE0044BBC7 /* CJInstant */,
				94343B331CECCDFE0044BBC7 /* CJInstantTests */,
			);
		};
/* End PBXProject section */

/* Begin PBXResourcesBuildPhase section */
		94343B191CECCDFE0044BBC7 /* Resources */ = {
			isa = PBXResourcesBuildPhase;
			buildActionMask = 2147483647;
			files = (
				94343B2E1CECCDFE0044BBC7 /* LaunchScreen.storyboard in Resources */,
				9468B80C1CFFFE6300F3D442 /* CJMonthDayCollectionCell.xib in Resources */,
				94343B2B1CECCDFE0044BBC7 /* Assets.xcassets in Resources */,
				94343B291CECCDFE0044BBC7 /* Main.storyboard in Resources */,
				9444552B1CEEEEC500E7B478 /* CJBaseTableViewCell.xib in Resources */,
				9468B81E1CFFFEBC00F3D442 /* CJAddViewController.xib in Resources */,
			);
			runOnlyForDeploymentPostprocessing = 0;
		};
		94343B321CECCDFE0044BBC7 /* Resources */ = {
			isa = PBXResourcesBuildPhase;
			buildActionMask = 2147483647;
			files = (
			);
			runOnlyForDeploymentPostprocessing = 0;
		};
/* End PBXResourcesBuildPhase section */

/* Begin PBXSourcesBuildPhase section */
		94343B171CECCDFE0044BBC7 /* Sources */ = {
			isa = PBXSourcesBuildPhase;
			buildActionMask = 2147483647;
			files = (
				9444552A1CEEEEC500E7B478 /* CJBaseTableViewCell.m in Sources */,
				944455411CF0B47F00E7B478 /* CJWeekViewController.m in Sources */,
				94343B631CECCE720044BBC7 /* AppDelegate.m in Sources */,
				944455291CEEEEC500E7B478 /* CJBaseTableViewController.m in Sources */,
				9468B80E1CFFFE6300F3D442 /* CJShowTimeView.m in Sources */,
				9468B82C1CFFFECB00F3D442 /* Model.xcdatamodeld in Sources */,
				9468B8071CFFFE6300F3D442 /* CJMonthDayViewController.m in Sources */,
				94343B641CECCE720044BBC7 /* main.m in Sources */,
				9468B81D1CFFFEBC00F3D442 /* CJAddViewController.m in Sources */,
				940A5C7B1CFD709A00D72C35 /* UIView+CJFrame.m in Sources */,
				9468B82A1CFFFECB00F3D442 /* Event+CoreDataProperties.m in Sources */,
				9468B8091CFFFE6300F3D442 /* CJUseTime.m in Sources */,
				9468B8171CFFFEAF00F3D442 /* CJTipView.m in Sources */,
				9468B80A1CFFFE6300F3D442 /* CJDecisionView.m in Sources */,
				9444553B1CF0B46B00E7B478 /* CJMonthViewController.m in Sources */,
				9468B8061CFFFE6300F3D442 /* CJCalendarViewController.m in Sources */,
				9468B80B1CFFFE6300F3D442 /* CJMonthDayCollectionCell.m in Sources */,
				9468B82B1CFFFECB00F3D442 /* Event.m in Sources */,
				9444553E1CF0B47400E7B478 /* CJPastViewController.m in Sources */,
				9468B80D1CFFFE6300F3D442 /* CJSelectTimeScrollView.m in Sources */,
				9468B8081CFFFE6300F3D442 /* CJYearViewController.m in Sources */,
				9468B81F1CFFFEBC00F3D442 /* CJMainViewController.m in Sources */,
				9444552F1CF029B100E7B478 /* RTDragCellTableView.m in Sources */,
				9468B8161CFFFEAF00F3D442 /* CJMainScrollView.m in Sources */,
				9468B8151CFFFEAF00F3D442 /* CJHeaderNavigationView.m in Sources */,
				9468B8291CFFFECB00F3D442 /* CJCoreDataManage.m in Sources */,
				944455381CF0B46300E7B478 /* CJAllViewController.m in Sources */,
			);
			runOnlyForDeploymentPostprocessing = 0;
		};
		94343B301CECCDFE0044BBC7 /* Sources */ = {
			isa = PBXSourcesBuildPhase;
			buildActionMask = 2147483647;
			files = (
				94343B391CECCDFE0044BBC7 /* instantTests.m in Sources */,
			);
			runOnlyForDeploymentPostprocessing = 0;
		};
/* End PBXSourcesBuildPhase section */

/* Begin PBXTargetDependency section */
		94343B361CECCDFE0044BBC7 /* PBXTargetDependency */ = {
			isa = PBXTargetDependency;
			target = 94343B1A1CECCDFE0044BBC7 /* CJInstant */;
			targetProxy = 94343B351CECCDFE0044BBC7 /* PBXContainerItemProxy */;
		};
/* End PBXTargetDependency section */

/* Begin PBXVariantGroup section */
		94343B271CECCDFE0044BBC7 /* Main.storyboard */ = {
			isa = PBXVariantGroup;
			children = (
				94343B281CECCDFE0044BBC7 /* Base */,
			);
			name = Main.storyboard;
			sourceTree = "<group>";
		};
		94343B2C1CECCDFE0044BBC7 /* LaunchScreen.storyboard */ = {
			isa = PBXVariantGroup;
			children = (
				94343B2D1CECCDFE0044BBC7 /* Base */,
			);
			name = LaunchScreen.storyboard;
			sourceTree = "<group>";
		};
/* End PBXVariantGroup section */

/* Begin XCBuildConfiguration section */
		94343B3B1CECCDFE0044BBC7 /* Debug */ = {
			isa = XCBuildConfiguration;
			buildSettings = {
				ALWAYS_SEARCH_USER_PATHS = NO;
				CLANG_CXX_LANGUAGE_STANDARD = "gnu++0x";
				CLANG_CXX_LIBRARY = "libc++";
				CLANG_ENABLE_MODULES = YES;
				CLANG_ENABLE_OBJC_ARC = YES;
				CLANG_WARN_BOOL_CONVERSION = YES;
				CLANG_WARN_CONSTANT_CONVERSION = YES;
				CLANG_WARN_DIRECT_OBJC_ISA_USAGE = YES_ERROR;
				CLANG_WARN_EMPTY_BODY = YES;
				CLANG_WARN_ENUM_CONVERSION = YES;
				CLANG_WARN_INT_CONVERSION = YES;
				CLANG_WARN_OBJC_ROOT_CLASS = YES_ERROR;
				CLANG_WARN_UNREACHABLE_CODE = YES;
				CLANG_WARN__DUPLICATE_METHOD_MATCH = YES;
				"CODE_SIGN_IDENTITY[sdk=iphoneos*]" = "iPhone Developer";
				COPY_PHASE_STRIP = NO;
				DEBUG_INFORMATION_FORMAT = dwarf;
				ENABLE_STRICT_OBJC_MSGSEND = YES;
				ENABLE_TESTABILITY = YES;
				GCC_C_LANGUAGE_STANDARD = gnu99;
				GCC_DYNAMIC_NO_PIC = NO;
				GCC_NO_COMMON_BLOCKS = YES;
				GCC_OPTIMIZATION_LEVEL = 0;
				GCC_PREPROCESSOR_DEFINITIONS = (
					"DEBUG=1",
					"$(inherited)",
				);
				GCC_WARN_64_TO_32_BIT_CONVERSION = YES;
				GCC_WARN_ABOUT_RETURN_TYPE = YES_ERROR;
				GCC_WARN_UNDECLARED_SELECTOR = YES;
				GCC_WARN_UNINITIALIZED_AUTOS = YES_AGGRESSIVE;
				GCC_WARN_UNUSED_FUNCTION = YES;
				GCC_WARN_UNUSED_VARIABLE = YES;
				IPHONEOS_DEPLOYMENT_TARGET = 9.2;
				MTL_ENABLE_DEBUG_INFO = YES;
				ONLY_ACTIVE_ARCH = YES;
				SDKROOT = iphoneos;
			};
			name = Debug;
		};
		94343B3C1CECCDFE0044BBC7 /* Release */ = {
			isa = XCBuildConfiguration;
			buildSettings = {
				ALWAYS_SEARCH_USER_PATHS = NO;
				CLANG_CXX_LANGUAGE_STANDARD = "gnu++0x";
				CLANG_CXX_LIBRARY = "libc++";
				CLANG_ENABLE_MODULES = YES;
				CLANG_ENABLE_OBJC_ARC = YES;
				CLANG_WARN_BOOL_CONVERSION = YES;
				CLANG_WARN_CONSTANT_CONVERSION = YES;
				CLANG_WARN_DIRECT_OBJC_ISA_USAGE = YES_ERROR;
				CLANG_WARN_EMPTY_BODY = YES;
				CLANG_WARN_ENUM_CONVERSION = YES;
				CLANG_WARN_INT_CONVERSION = YES;
				CLANG_WARN_OBJC_ROOT_CLASS = YES_ERROR;
				CLANG_WARN_UNREACHABLE_CODE = YES;
				CLANG_WARN__DUPLICATE_METHOD_MATCH = YES;
				"CODE_SIGN_IDENTITY[sdk=iphoneos*]" = "iPhone Developer";
				COPY_PHASE_STRIP = NO;
				DEBUG_INFORMATION_FORMAT = "dwarf-with-dsym";
				ENABLE_NS_ASSERTIONS = NO;
				ENABLE_STRICT_OBJC_MSGSEND = YES;
				GCC_C_LANGUAGE_STANDARD = gnu99;
				GCC_NO_COMMON_BLOCKS = YES;
				GCC_WARN_64_TO_32_BIT_CONVERSION = YES;
				GCC_WARN_ABOUT_RETURN_TYPE = YES_ERROR;
				GCC_WARN_UNDECLARED_SELECTOR = YES;
				GCC_WARN_UNINITIALIZED_AUTOS = YES_AGGRESSIVE;
				GCC_WARN_UNUSED_FUNCTION = YES;
				GCC_WARN_UNUSED_VARIABLE = YES;
				IPHONEOS_DEPLOYMENT_TARGET = 9.2;
				MTL_ENABLE_DEBUG_INFO = NO;
				SDKROOT = iphoneos;
				VALIDATE_PRODUCT = YES;
			};
			name = Release;
		};
		94343B3E1CECCDFE0044BBC7 /* Debug */ = {
			isa = XCBuildConfiguration;
			buildSettings = {
				ASSETCATALOG_COMPILER_APPICON_NAME = AppIcon;
				GCC_PREFIX_HEADER = CJInstant/classes/Other/utils/PrefixHeader.pch;
				INFOPLIST_FILE = "$(SRCROOT)/CJInstant/Info.plist";
				IPHONEOS_DEPLOYMENT_TARGET = 8.1;
				LD_RUNPATH_SEARCH_PATHS = "$(inherited) @executable_path/Frameworks";
				PRODUCT_BUNDLE_IDENTIFIER = com.chjsun.instant;
				PRODUCT_NAME = CJInstant;
			};
			name = Debug;
		};
		94343B3F1CECCDFE0044BBC7 /* Release */ = {
			isa = XCBuildConfiguration;
			buildSettings = {
				ASSETCATALOG_COMPILER_APPICON_NAME = AppIcon;
				GCC_PREFIX_HEADER = CJInstant/classes/Other/utils/PrefixHeader.pch;
				INFOPLIST_FILE = "$(SRCROOT)/CJInstant/Info.plist";
				IPHONEOS_DEPLOYMENT_TARGET = 8.1;
				LD_RUNPATH_SEARCH_PATHS = "$(inherited) @executable_path/Frameworks";
				PRODUCT_BUNDLE_IDENTIFIER = com.chjsun.instant;
				PRODUCT_NAME = CJInstant;
			};
			name = Release;
		};
		94343B411CECCDFE0044BBC7 /* Debug */ = {
			isa = XCBuildConfiguration;
			buildSettings = {
				BUNDLE_LOADER = "$(TEST_HOST)";
				INFOPLIST_FILE = instantTests/Info.plist;
				LD_RUNPATH_SEARCH_PATHS = "$(inherited) @executable_path/Frameworks @loader_path/Frameworks";
				PRODUCT_BUNDLE_IDENTIFIER = com.chjsun.instantTests;
				PRODUCT_NAME = CJInstant;
				TEST_HOST = "$(BUILT_PRODUCTS_DIR)/CJInstant.app/CJInstant";
			};
			name = Debug;
		};
		94343B421CECCDFE0044BBC7 /* Release */ = {
			isa = XCBuildConfiguration;
			buildSettings = {
				BUNDLE_LOADER = "$(TEST_HOST)";
				INFOPLIST_FILE = instantTests/Info.plist;
				LD_RUNPATH_SEARCH_PATHS = "$(inherited) @executable_path/Frameworks @loader_path/Frameworks";
				PRODUCT_BUNDLE_IDENTIFIER = com.chjsun.instantTests;
				PRODUCT_NAME = CJInstant;
				TEST_HOST = "$(BUILT_PRODUCTS_DIR)/CJInstant.app/CJInstant";
			};
			name = Release;
		};
/* End XCBuildConfiguration section */

/* Begin XCConfigurationList section */
		94343B161CECCDFE0044BBC7 /* Build configuration list for PBXProject "CJInstant" */ = {
			isa = XCConfigurationList;
			buildConfigurations = (
				94343B3B1CECCDFE0044BBC7 /* Debug */,
				94343B3C1CECCDFE0044BBC7 /* Release */,
			);
			defaultConfigurationIsVisible = 0;
			defaultConfigurationName = Release;
		};
		94343B3D1CECCDFE0044BBC7 /* Build configuration list for PBXNativeTarget "CJInstant" */ = {
			isa = XCConfigurationList;
			buildConfigurations = (
				94343B3E1CECCDFE0044BBC7 /* Debug */,
				94343B3F1CECCDFE0044BBC7 /* Release */,
			);
			defaultConfigurationIsVisible = 0;
			defaultConfigurationName = Release;
		};
		94343B401CECCDFE0044BBC7 /* Build configuration list for PBXNativeTarget "CJInstantTests" */ = {
			isa = XCConfigurationList;
			buildConfigurations = (
				94343B411CECCDFE0044BBC7 /* Debug */,
				94343B421CECCDFE0044BBC7 /* Release */,
			);
			defaultConfigurationIsVisible = 0;
			defaultConfigurationName = Release;
		};
/* End XCConfigurationList section */

/* Begin XCVersionGroup section */
		9468B8271CFFFECB00F3D442 /* Model.xcdatamodeld */ = {
			isa = XCVersionGroup;
			children = (
				9468B8281CFFFECB00F3D442 /* Model.xcdatamodel */,
			);
			currentVersion = 9468B8281CFFFECB00F3D442 /* Model.xcdatamodel */;
			path = Model.xcdatamodeld;
			sourceTree = "<group>";
			versionGroupType = wrapper.xcdatamodel;
		};
/* End XCVersionGroup section */
	};
	rootObject = 94343B131CECCDFE0044BBC7 /* Project object */;
}
